
Microsoft Visual Studio Solution File, Format Version 12.00
# Visual Studio Version 17
VisualStudioVersion = 17.5.33516.290
MinimumVisualStudioVersion = 10.0.40219.1
Project("{FAE04EC0-301F-11D3-BF4B-00C04F79EFBC}") = "VirtualFileSystem", "VirtualFileSystem\VirtualFileSystem.csproj", "{F8493857-98C4-4055-B25B-EFAC4EE9285C}"
EndProject
Project("{FAE04EC0-301F-11D3-BF4B-00C04F79EFBC}") = "VirtualFileSystem.Tests", "VirtualFileSystem.Tests\VirtualFileSystem.Tests.csproj", "{BD1DDEE1-0183-40AC-A264-00C0B9B691EE}"
EndProject
Global
	GlobalSection(SolutionConfigurationPlatforms) = preSolution
		Debug|Any CPU = Debug|Any CPU
		Release|Any CPU = Release|Any CPU
	EndGlobalSection
	GlobalSection(ProjectConfigurationPlatforms) = postSolution
		{F8493857-98C4-4055-B25B-EFAC4EE9285C}.Debug|Any CPU.ActiveCfg = Debug|Any CPU
		{F8493857-98C4-4055-B25B-EFAC4EE9285C}.Debug|Any CPU.Build.0 = Debug|Any CPU
		{F8493857-98C4-4055-B25B-EFAC4EE9285C}.Release|Any CPU.ActiveCfg = Release|Any CPU
		{F8493857-98C4-4055-B25B-EFAC4EE9285C}.Release|Any CPU.Build.0 = Release|Any CPU
		{BD1DDEE1-0183-40AC-A264-00C0B9B691EE}.Debug|Any CPU.ActiveCfg = Debug|Any CPU
		{BD1DDEE1-0183-40AC-A264-00C0B9B691EE}.Debug|Any CPU.Build.0 = Debug|Any CPU
		{BD1DDEE1-0183-40AC-A264-00C0B9B691EE}.Release|Any CPU.ActiveCfg = Release|Any CPU
		{BD1DDEE1-0183-40AC-A264-00C0B9B691EE}.Release|Any CPU.Build.0 = Release|Any CPU
	EndGlobalSection
	GlobalSection(SolutionProperties) = preSolution
		HideSolutionNode = FALSE
	EndGlobalSection
	GlobalSection(ExtensibilityGlobals) = postSolution
		SolutionGuid = {8A55E596-2BE6-49DD-8F49-17A380C28655}
	EndGlobalSection
EndGlobal
